
Microsoft Visual Studio Solution File, Format Version 12.00
# Visual Studio Version 17
VisualStudioVersion = 17.9.34723.18
MinimumVisualStudioVersion = 10.0.40219.1
Project("{9A19103F-16F7-4668-BE54-9A1E7A4F7556}") = "CryptoString", "CryptoString.csproj", "{3F40E7D3-1EB3-4B43-8B1D-BD4A74991841}"
EndProject
Global
	GlobalSection(SolutionConfigurationPlatforms) = preSolution
		Debug|Any CPU = Debug|Any CPU
		Release|Any CPU = Release|Any CPU
	EndGlobalSection
	GlobalSection(ProjectConfigurationPlatforms) = postSolution
		{3F40E7D3-1EB3-4B43-8B1D-BD4A74991841}.Debug|Any CPU.ActiveCfg = Debug|Any CPU
		{3F40E7D3-1EB3-4B43-8B1D-BD4A74991841}.Debug|Any CPU.Build.0 = Debug|Any CPU
		{3F40E7D3-1EB3-4B43-8B1D-BD4A74991841}.Release|Any CPU.ActiveCfg = Release|Any CPU
		{3F40E7D3-1EB3-4B43-8B1D-BD4A74991841}.Release|Any CPU.Build.0 = Release|Any CPU
	EndGlobalSection
	GlobalSection(SolutionProperties) = preSolution
		HideSolutionNode = FALSE
	EndGlobalSection
	GlobalSection(ExtensibilityGlobals) = postSolution
		SolutionGuid = {2D3DC351-0434-493B-AB0F-9C10BE2EA4CA}
	EndGlobalSection
EndGlobal
